
Microsoft Visual Studio Solution File, Format Version 12.00
# Visual Studio Version 17
VisualStudioVersion = 17.0.32014.148
MinimumVisualStudioVersion = 10.0.40219.1
Project("{9A19103F-16F7-4668-BE54-9A1E7A4F7556}") = "TonyM.APP", "TonyM.App\TonyM.APP.csproj", "{46FD4620-0BCC-47C0-84CD-36C1251B9282}"
EndProject
Project("{9A19103F-16F7-4668-BE54-9A1E7A4F7556}") = "TonyM.DAL", "TonyM.DataAccesLayer\TonyM.DAL.csproj", "{BEA7478C-5224-4B49-A992-DD3B18BDDFB8}"
EndProject
Project("{9A19103F-16F7-4668-BE54-9A1E7A4F7556}") = "TonyM.BLL", "TonyM.BusinessLayer\TonyM.BLL.csproj", "{31E3DD7A-4676-4818-8644-4C4BF5012914}"
EndProject
Global
	GlobalSection(SolutionConfigurationPlatforms) = preSolution
		Debug|Any CPU = Debug|Any CPU
		Release|Any CPU = Release|Any CPU
	EndGlobalSection
	GlobalSection(ProjectConfigurationPlatforms) = postSolution
		{46FD4620-0BCC-47C0-84CD-36C1251B9282}.Debug|Any CPU.ActiveCfg = Debug|Any CPU
		{46FD4620-0BCC-47C0-84CD-36C1251B9282}.Debug|Any CPU.Build.0 = Debug|Any CPU
		{46FD4620-0BCC-47C0-84CD-36C1251B9282}.Release|Any CPU.ActiveCfg = Debug|Any CPU
		{46FD4620-0BCC-47C0-84CD-36C1251B9282}.Release|Any CPU.Build.0 = Debug|Any CPU
		{BEA7478C-5224-4B49-A992-DD3B18BDDFB8}.Debug|Any CPU.ActiveCfg = Debug|Any CPU
		{BEA7478C-5224-4B49-A992-DD3B18BDDFB8}.Debug|Any CPU.Build.0 = Debug|Any CPU
		{BEA7478C-5224-4B49-A992-DD3B18BDDFB8}.Release|Any CPU.ActiveCfg = Release|Any CPU
		{BEA7478C-5224-4B49-A992-DD3B18BDDFB8}.Release|Any CPU.Build.0 = Release|Any CPU
		{31E3DD7A-4676-4818-8644-4C4BF5012914}.Debug|Any CPU.ActiveCfg = Debug|Any CPU
		{31E3DD7A-4676-4818-8644-4C4BF5012914}.Debug|Any CPU.Build.0 = Debug|Any CPU
		{31E3DD7A-4676-4818-8644-4C4BF5012914}.Release|Any CPU.ActiveCfg = Release|Any CPU
		{31E3DD7A-4676-4818-8644-4C4BF5012914}.Release|Any CPU.Build.0 = Release|Any CPU
	EndGlobalSection
	GlobalSection(SolutionProperties) = preSolution
		HideSolutionNode = FALSE
	EndGlobalSection
	GlobalSection(ExtensibilityGlobals) = postSolution
		SolutionGuid = {6699C762-A0DC-4289-8BCE-18F6255C5EB3}
	EndGlobalSection
EndGlobal
